
Microsoft Visual Studio Solution File, Format Version 12.00
Project("{FAE04EC0-301F-11D3-BF4B-00C04F79EFBC}") = "AZS", "AZS\AZS.csproj", "{314878C6-D885-461D-8B2E-4C6A2A51704C}"
EndProject
Global
	GlobalSection(SolutionConfigurationPlatforms) = preSolution
		Debug|Any CPU = Debug|Any CPU
		Release|Any CPU = Release|Any CPU
	EndGlobalSection
	GlobalSection(ProjectConfigurationPlatforms) = postSolution
		{314878C6-D885-461D-8B2E-4C6A2A51704C}.Debug|Any CPU.ActiveCfg = Debug|Any CPU
		{314878C6-D885-461D-8B2E-4C6A2A51704C}.Debug|Any CPU.Build.0 = Debug|Any CPU
		{314878C6-D885-461D-8B2E-4C6A2A51704C}.Release|Any CPU.ActiveCfg = Release|Any CPU
		{314878C6-D885-461D-8B2E-4C6A2A51704C}.Release|Any CPU.Build.0 = Release|Any CPU
	EndGlobalSection
EndGlobal
